
Microsoft Visual Studio Solution File, Format Version 12.00
# Visual Studio Version 16
VisualStudioVersion = 16.0.31005.135
MinimumVisualStudioVersion = 10.0.40219.1
Project("{FAE04EC0-301F-11D3-BF4B-00C04F79EFBC}") = "ActiveTheApp", "ActiveTheApp\ActiveTheApp.csproj", "{109A8F41-058A-4000-BFFE-7AAB471E8950}"
EndProject
Project("{FAE04EC0-301F-11D3-BF4B-00C04F79EFBC}") = "MornaLicensing", "MornaLicensing\MornaLicensing.csproj", "{EB9E73AC-36F0-4823-97DD-48DA31BC8CA9}"
EndProject
Global
	GlobalSection(SolutionConfigurationPlatforms) = preSolution
		Debug|Any CPU = Debug|Any CPU
		Release|Any CPU = Release|Any CPU
	EndGlobalSection
	GlobalSection(ProjectConfigurationPlatforms) = postSolution
		{109A8F41-058A-4000-BFFE-7AAB471E8950}.Debug|Any CPU.ActiveCfg = Debug|Any CPU
		{109A8F41-058A-4000-BFFE-7AAB471E8950}.Debug|Any CPU.Build.0 = Debug|Any CPU
		{109A8F41-058A-4000-BFFE-7AAB471E8950}.Release|Any CPU.ActiveCfg = Release|Any CPU
		{109A8F41-058A-4000-BFFE-7AAB471E8950}.Release|Any CPU.Build.0 = Release|Any CPU
		{EB9E73AC-36F0-4823-97DD-48DA31BC8CA9}.Debug|Any CPU.ActiveCfg = Debug|Any CPU
		{EB9E73AC-36F0-4823-97DD-48DA31BC8CA9}.Debug|Any CPU.Build.0 = Debug|Any CPU
		{EB9E73AC-36F0-4823-97DD-48DA31BC8CA9}.Release|Any CPU.ActiveCfg = Release|Any CPU
		{EB9E73AC-36F0-4823-97DD-48DA31BC8CA9}.Release|Any CPU.Build.0 = Release|Any CPU
	EndGlobalSection
	GlobalSection(SolutionProperties) = preSolution
		HideSolutionNode = FALSE
	EndGlobalSection
	GlobalSection(ExtensibilityGlobals) = postSolution
		SolutionGuid = {29B739BD-F74B-4AE4-A973-45FAD9620DA6}
	EndGlobalSection
EndGlobal
