
Microsoft Visual Studio Solution File, Format Version 12.00
# Visual Studio Version 16
VisualStudioVersion = 16.0.31005.135
MinimumVisualStudioVersion = 10.0.40219.1
Project("{FAE04EC0-301F-11D3-BF4B-00C04F79EFBC}") = "Translater", "WindowsFormsApp1\Translater.csproj", "{F1227D14-0598-4AE8-8B85-00F626824282}"
EndProject
Global
	GlobalSection(SolutionConfigurationPlatforms) = preSolution
		Debug|Any CPU = Debug|Any CPU
		Release|Any CPU = Release|Any CPU
	EndGlobalSection
	GlobalSection(ProjectConfigurationPlatforms) = postSolution
		{F1227D14-0598-4AE8-8B85-00F626824282}.Debug|Any CPU.ActiveCfg = Debug|Any CPU
		{F1227D14-0598-4AE8-8B85-00F626824282}.Debug|Any CPU.Build.0 = Debug|Any CPU
		{F1227D14-0598-4AE8-8B85-00F626824282}.Release|Any CPU.ActiveCfg = Release|Any CPU
		{F1227D14-0598-4AE8-8B85-00F626824282}.Release|Any CPU.Build.0 = Release|Any CPU
	EndGlobalSection
	GlobalSection(SolutionProperties) = preSolution
		HideSolutionNode = FALSE
	EndGlobalSection
	GlobalSection(ExtensibilityGlobals) = postSolution
		SolutionGuid = {C65D45DB-84BF-41F3-93BC-DE72CDF232FF}
	EndGlobalSection
EndGlobal
